{
  "lockfile_version": "1",
  "packages": {
    "github:NixOS/nixpkgs/nixpkgs-unstable": {
      "last_modified": "2025-04-17T05:47:26Z",
      "resolved": "github:NixOS/nixpkgs/ebe4301cbd8f81c4f8d3244b3632338bbeb6d49c?lastModified=1744868846&narHash=sha256-5RJTdUHDmj12Qsv7XOhuospjAjATNiTMElplWnJE9Hs%3D"
    },
    "go@1.23.4": {
      "last_modified": "2025-01-19T08:16:51Z",
      "resolved": "github:NixOS/nixpkgs/50165c4f7eb48ce82bd063e1fb8047a0f515f8ce#go",
      "source": "devbox-search",
      "version": "1.23.4",
      "systems": {
        "aarch64-darwin": {
          "outputs": [
            {
              "name": "out",
              "path": "/nix/store/lg7l1czmd5hqwwhjszprdz342q98zmkw-go-1.23.4",
              "default": true
            }
          ],
          "store_path": "/nix/store/lg7l1czmd5hqwwhjszprdz342q98zmkw-go-1.23.4"
        },
        "aarch64-linux": {
          "outputs": [
            {
              "name": "out",
              "path": "/nix/store/2x7k6yj9z37s3d3x5j3kkz6bcak8k9qr-go-1.23.4",
              "default": true
            }
          ],
          "store_path": "/nix/store/2x7k6yj9z37s3d3x5j3kkz6bcak8k9qr-go-1.23.4"
        },
        "x86_64-darwin": {
          "outputs": [
            {
              "name": "out",
              "path": "/nix/store/8x0ag0v37rfy9z58a8yy3hakj3dzdr9c-go-1.23.4",
              "default": true
            }
          ],
          "store_path": "/nix/store/8x0ag0v37rfy9z58a8yy3hakj3dzdr9c-go-1.23.4"
        },
        "x86_64-linux": {
          "outputs": [
            {
              "name": "out",
              "path": "/nix/store/0b6vsy4fa4i4qpk1011hi6251nwdg5y8-go-1.23.4",
              "default": true
            }
          ],
          "store_path": "/nix/store/0b6vsy4fa4i4qpk1011hi6251nwdg5y8-go-1.23.4"
        }
      }
    },
    "libiconv@latest": {
      "last_modified": "2024-12-23T21:10:33Z",
      "resolved": "github:NixOS/nixpkgs/de1864217bfa9b5845f465e771e0ecb48b30e02d#libiconv",
      "source": "devbox-search",
      "version": "2.40",
      "systems": {
        "aarch64-linux": {
          "outputs": [
            {
              "name": "out",
              "path": "/nix/store/9sj81vq4da8pi1lk5giygcy78nji3f7c-glibc-iconv-2.40",
              "default": true
            }
          ],
          "store_path": "/nix/store/9sj81vq4da8pi1lk5giygcy78nji3f7c-glibc-iconv-2.40"
        },
        "x86_64-linux": {
          "outputs": [
            {
              "name": "out",
              "path": "/nix/store/ym52wgq3kyp6c3sy27qnzd4g81i4d5v6-glibc-iconv-2.40",
              "default": true
            }
          ],
          "store_path": "/nix/store/ym52wgq3kyp6c3sy27qnzd4g81i4d5v6-glibc-iconv-2.40"
        }
      }
    },
    "rustup@latest": {
      "last_modified": "2024-12-23T21:10:33Z",
      "plugin_version": "0.0.1",
      "resolved": "github:NixOS/nixpkgs/de1864217bfa9b5845f465e771e0ecb48b30e02d#rustup",
      "source": "devbox-search",
      "version": "1.27.1",
      "systems": {
        "aarch64-darwin": {
          "outputs": [
            {
              "name": "out",
              "path": "/nix/store/f577am7fddddky4gfsfbzvy22n5qqanh-rustup-1.27.1",
              "default": true
            }
          ],
          "store_path": "/nix/store/f577am7fddddky4gfsfbzvy22n5qqanh-rustup-1.27.1"
        },
        "aarch64-linux": {
          "outputs": [
            {
              "name": "out",
              "path": "/nix/store/0alinkf7s4gizy7ph01jh1p5nxwkcaci-rustup-1.27.1",
              "default": true
            }
          ],
          "store_path": "/nix/store/0alinkf7s4gizy7ph01jh1p5nxwkcaci-rustup-1.27.1"
        },
        "x86_64-darwin": {
          "outputs": [
            {
              "name": "out",
              "path": "/nix/store/94viny8yipljwgxvyz1xljcg3mpgnyfp-rustup-1.27.1",
              "default": true
            }
          ],
          "store_path": "/nix/store/94viny8yipljwgxvyz1xljcg3mpgnyfp-rustup-1.27.1"
        },
        "x86_64-linux": {
          "outputs": [
            {
              "name": "out",
              "path": "/nix/store/lmf8r03kjrjw2anyd04wwd26lw8klisn-rustup-1.27.1",
              "default": true
            }
          ],
          "store_path": "/nix/store/lmf8r03kjrjw2anyd04wwd26lw8klisn-rustup-1.27.1"
        }
      }
    },
    "zig@latest": {
      "last_modified": "2025-11-23T21:50:36Z",
      "resolved": "github:NixOS/nixpkgs/ee09932cedcef15aaf476f9343d1dea2cb77e261#zig",
      "source": "devbox-search",
      "version": "0.15.2",
      "systems": {
        "aarch64-darwin": {
          "outputs": [
            {
              "name": "out",
              "path": "/nix/store/h5zqw1lr8i0pwqpkkl3lbid06f9dprw0-zig-0.15.2",
              "default": true
            },
            {
              "name": "doc",
              "path": "/nix/store/pkr2y19zac7gls2mr5fjwkxr9kbj632h-zig-0.15.2-doc"
            }
          ],
          "store_path": "/nix/store/h5zqw1lr8i0pwqpkkl3lbid06f9dprw0-zig-0.15.2"
        },
        "aarch64-linux": {
          "outputs": [
            {
              "name": "out",
              "path": "/nix/store/qn6da3g7qdwdxd2csdm1aj25zilkcl30-zig-0.15.2",
              "default": true
            },
            {
              "name": "doc",
              "path": "/nix/store/j22h1s5gc972wvsqzqj0m5vzrcqkd676-zig-0.15.2-doc"
            }
          ],
          "store_path": "/nix/store/qn6da3g7qdwdxd2csdm1aj25zilkcl30-zig-0.15.2"
        },
        "x86_64-darwin": {
          "outputs": [
            {
              "name": "out",
              "path": "/nix/store/fqhwfl5pyh3359naslzswsaw9ng51gly-zig-0.15.2",
              "default": true
            },
            {
              "name": "doc",
              "path": "/nix/store/jipcmr5blz3nxwncl1lxy5cvsfiq8w40-zig-0.15.2-doc"
            }
          ],
          "store_path": "/nix/store/fqhwfl5pyh3359naslzswsaw9ng51gly-zig-0.15.2"
        },
        "x86_64-linux": {
          "outputs": [
            {
              "name": "out",
              "path": "/nix/store/iyv5lnq9cwlsixg357zv8zcp4pv2q7ml-zig-0.15.2",
              "default": true
            },
            {
              "name": "doc",
              "path": "/nix/store/vssw4zdhhvjlgmjkxwws8q8vz7fyxd92-zig-0.15.2-doc"
            }
          ],
          "store_path": "/nix/store/iyv5lnq9cwlsixg357zv8zcp4pv2q7ml-zig-0.15.2"
        }
      }
    }
  }
}
